
Microsoft Visual Studio Solution File, Format Version 12.00
# Visual Studio Version 17
VisualStudioVersion = 17.0.31903.59
MinimumVisualStudioVersion = 10.0.40219.1
Project("{FAE04EC0-301F-11D3-BF4B-00C04F79EFBC}") = "Nucleo.Cache", "Nucleo.Cache\Nucleo.Cache.csproj", "{CC4D4537-E13E-44B4-9642-9A811D122EA6}"
EndProject
Project("{FAE04EC0-301F-11D3-BF4B-00C04F79EFBC}") = "Nucleo.Cache.StackExchange", "Nucleo.Cache.StackExchange\Nucleo.Cache.StackExchange.csproj", "{581618E2-E6A4-469F-B1C5-62D6EFC8EEAF}"
EndProject
Project("{FAE04EC0-301F-11D3-BF4B-00C04F79EFBC}") = "Nucleo.EventBus", "Nucleo.EventBus\Nucleo.EventBus.csproj", "{42056B2E-E915-4838-BD55-F8F1E70231BB}"
EndProject
Project("{FAE04EC0-301F-11D3-BF4B-00C04F79EFBC}") = "Nucleo.EventBus.Cap", "Nucleo.EventBus.Cap\Nucleo.EventBus.Cap.csproj", "{131949D4-8E09-4A93-8D7F-B87DEE972E0B}"
EndProject
Project("{FAE04EC0-301F-11D3-BF4B-00C04F79EFBC}") = "Nucleo.Test.Api", "Nucleo.Test.Api\Nucleo.Test.Api.csproj", "{1BD0CED2-3F29-425F-AAAD-27883121A17D}"
EndProject
Global
	GlobalSection(SolutionProperties) = preSolution
		HideSolutionNode = FALSE
	EndGlobalSection
	GlobalSection(SolutionConfigurationPlatforms) = preSolution
		Debug|Any CPU = Debug|Any CPU
		Debug|x64 = Debug|x64
		Debug|x86 = Debug|x86
		Release|Any CPU = Release|Any CPU
		Release|x64 = Release|x64
		Release|x86 = Release|x86
	EndGlobalSection
	GlobalSection(ProjectConfigurationPlatforms) = postSolution
		{CC4D4537-E13E-44B4-9642-9A811D122EA6}.Debug|Any CPU.ActiveCfg = Debug|Any CPU
		{CC4D4537-E13E-44B4-9642-9A811D122EA6}.Debug|Any CPU.Build.0 = Debug|Any CPU
		{CC4D4537-E13E-44B4-9642-9A811D122EA6}.Debug|x64.ActiveCfg = Debug|Any CPU
		{CC4D4537-E13E-44B4-9642-9A811D122EA6}.Debug|x64.Build.0 = Debug|Any CPU
		{CC4D4537-E13E-44B4-9642-9A811D122EA6}.Debug|x86.ActiveCfg = Debug|Any CPU
		{CC4D4537-E13E-44B4-9642-9A811D122EA6}.Debug|x86.Build.0 = Debug|Any CPU
		{CC4D4537-E13E-44B4-9642-9A811D122EA6}.Release|Any CPU.ActiveCfg = Release|Any CPU
		{CC4D4537-E13E-44B4-9642-9A811D122EA6}.Release|Any CPU.Build.0 = Release|Any CPU
		{CC4D4537-E13E-44B4-9642-9A811D122EA6}.Release|x64.ActiveCfg = Release|Any CPU
		{CC4D4537-E13E-44B4-9642-9A811D122EA6}.Release|x64.Build.0 = Release|Any CPU
		{CC4D4537-E13E-44B4-9642-9A811D122EA6}.Release|x86.ActiveCfg = Release|Any CPU
		{CC4D4537-E13E-44B4-9642-9A811D122EA6}.Release|x86.Build.0 = Release|Any CPU
		{581618E2-E6A4-469F-B1C5-62D6EFC8EEAF}.Debug|Any CPU.ActiveCfg = Debug|Any CPU
		{581618E2-E6A4-469F-B1C5-62D6EFC8EEAF}.Debug|Any CPU.Build.0 = Debug|Any CPU
		{581618E2-E6A4-469F-B1C5-62D6EFC8EEAF}.Debug|x64.ActiveCfg = Debug|Any CPU
		{581618E2-E6A4-469F-B1C5-62D6EFC8EEAF}.Debug|x64.Build.0 = Debug|Any CPU
		{581618E2-E6A4-469F-B1C5-62D6EFC8EEAF}.Debug|x86.ActiveCfg = Debug|Any CPU
		{581618E2-E6A4-469F-B1C5-62D6EFC8EEAF}.Debug|x86.Build.0 = Debug|Any CPU
		{581618E2-E6A4-469F-B1C5-62D6EFC8EEAF}.Release|Any CPU.ActiveCfg = Release|Any CPU
		{581618E2-E6A4-469F-B1C5-62D6EFC8EEAF}.Release|Any CPU.Build.0 = Release|Any CPU
		{581618E2-E6A4-469F-B1C5-62D6EFC8EEAF}.Release|x64.ActiveCfg = Release|Any CPU
		{581618E2-E6A4-469F-B1C5-62D6EFC8EEAF}.Release|x64.Build.0 = Release|Any CPU
		{581618E2-E6A4-469F-B1C5-62D6EFC8EEAF}.Release|x86.ActiveCfg = Release|Any CPU
		{581618E2-E6A4-469F-B1C5-62D6EFC8EEAF}.Release|x86.Build.0 = Release|Any CPU
		{42056B2E-E915-4838-BD55-F8F1E70231BB}.Debug|Any CPU.ActiveCfg = Debug|Any CPU
		{42056B2E-E915-4838-BD55-F8F1E70231BB}.Debug|Any CPU.Build.0 = Debug|Any CPU
		{42056B2E-E915-4838-BD55-F8F1E70231BB}.Debug|x64.ActiveCfg = Debug|Any CPU
		{42056B2E-E915-4838-BD55-F8F1E70231BB}.Debug|x64.Build.0 = Debug|Any CPU
		{42056B2E-E915-4838-BD55-F8F1E70231BB}.Debug|x86.ActiveCfg = Debug|Any CPU
		{42056B2E-E915-4838-BD55-F8F1E70231BB}.Debug|x86.Build.0 = Debug|Any CPU
		{42056B2E-E915-4838-BD55-F8F1E70231BB}.Release|Any CPU.ActiveCfg = Release|Any CPU
		{42056B2E-E915-4838-BD55-F8F1E70231BB}.Release|Any CPU.Build.0 = Release|Any CPU
		{42056B2E-E915-4838-BD55-F8F1E70231BB}.Release|x64.ActiveCfg = Release|Any CPU
		{42056B2E-E915-4838-BD55-F8F1E70231BB}.Release|x64.Build.0 = Release|Any CPU
		{42056B2E-E915-4838-BD55-F8F1E70231BB}.Release|x86.ActiveCfg = Release|Any CPU
		{42056B2E-E915-4838-BD55-F8F1E70231BB}.Release|x86.Build.0 = Release|Any CPU
		{131949D4-8E09-4A93-8D7F-B87DEE972E0B}.Debug|Any CPU.ActiveCfg = Debug|Any CPU
		{131949D4-8E09-4A93-8D7F-B87DEE972E0B}.Debug|Any CPU.Build.0 = Debug|Any CPU
		{131949D4-8E09-4A93-8D7F-B87DEE972E0B}.Debug|x64.ActiveCfg = Debug|Any CPU
		{131949D4-8E09-4A93-8D7F-B87DEE972E0B}.Debug|x64.Build.0 = Debug|Any CPU
		{131949D4-8E09-4A93-8D7F-B87DEE972E0B}.Debug|x86.ActiveCfg = Debug|Any CPU
		{131949D4-8E09-4A93-8D7F-B87DEE972E0B}.Debug|x86.Build.0 = Debug|Any CPU
		{131949D4-8E09-4A93-8D7F-B87DEE972E0B}.Release|Any CPU.ActiveCfg = Release|Any CPU
		{131949D4-8E09-4A93-8D7F-B87DEE972E0B}.Release|Any CPU.Build.0 = Release|Any CPU
		{131949D4-8E09-4A93-8D7F-B87DEE972E0B}.Release|x64.ActiveCfg = Release|Any CPU
		{131949D4-8E09-4A93-8D7F-B87DEE972E0B}.Release|x64.Build.0 = Release|Any CPU
		{131949D4-8E09-4A93-8D7F-B87DEE972E0B}.Release|x86.ActiveCfg = Release|Any CPU
		{131949D4-8E09-4A93-8D7F-B87DEE972E0B}.Release|x86.Build.0 = Release|Any CPU
		{1BD0CED2-3F29-425F-AAAD-27883121A17D}.Debug|Any CPU.ActiveCfg = Debug|Any CPU
		{1BD0CED2-3F29-425F-AAAD-27883121A17D}.Debug|Any CPU.Build.0 = Debug|Any CPU
		{1BD0CED2-3F29-425F-AAAD-27883121A17D}.Debug|x64.ActiveCfg = Debug|Any CPU
		{1BD0CED2-3F29-425F-AAAD-27883121A17D}.Debug|x64.Build.0 = Debug|Any CPU
		{1BD0CED2-3F29-425F-AAAD-27883121A17D}.Debug|x86.ActiveCfg = Debug|Any CPU
		{1BD0CED2-3F29-425F-AAAD-27883121A17D}.Debug|x86.Build.0 = Debug|Any CPU
		{1BD0CED2-3F29-425F-AAAD-27883121A17D}.Release|Any CPU.ActiveCfg = Release|Any CPU
		{1BD0CED2-3F29-425F-AAAD-27883121A17D}.Release|Any CPU.Build.0 = Release|Any CPU
		{1BD0CED2-3F29-425F-AAAD-27883121A17D}.Release|x64.ActiveCfg = Release|Any CPU
		{1BD0CED2-3F29-425F-AAAD-27883121A17D}.Release|x64.Build.0 = Release|Any CPU
		{1BD0CED2-3F29-425F-AAAD-27883121A17D}.Release|x86.ActiveCfg = Release|Any CPU
		{1BD0CED2-3F29-425F-AAAD-27883121A17D}.Release|x86.Build.0 = Release|Any CPU
	EndGlobalSection
EndGlobal
