
Microsoft Visual Studio Solution File, Format Version 12.00
# Visual Studio Version 17
VisualStudioVersion = 17.0.31903.59
MinimumVisualStudioVersion = 10.0.40219.1
Project("{9A19103F-16F7-4668-BE54-9A1E7A4F7556}") = "Nucleo.Cache", "Nucleo.Cache\Nucleo.Cache.csproj", "{CC4D4537-E13E-44B4-9642-9A811D122EA6}"
EndProject
Project("{9A19103F-16F7-4668-BE54-9A1E7A4F7556}") = "Nucleo.Cache.StackExchange", "Nucleo.Cache.StackExchange\Nucleo.Cache.StackExchange.csproj", "{581618E2-E6A4-469F-B1C5-62D6EFC8EEAF}"
EndProject
Project("{9A19103F-16F7-4668-BE54-9A1E7A4F7556}") = "Nucleo.EventBus", "Nucleo.EventBus\Nucleo.EventBus.csproj", "{42056B2E-E915-4838-BD55-F8F1E70231BB}"
EndProject
Project("{9A19103F-16F7-4668-BE54-9A1E7A4F7556}") = "Nucleo.EventBus.Cap", "Nucleo.EventBus.Cap\Nucleo.EventBus.Cap.csproj", "{131949D4-8E09-4A93-8D7F-B87DEE972E0B}"
EndProject
Project("{9A19103F-16F7-4668-BE54-9A1E7A4F7556}") = "Nucleo.DDD.Application", "Nucleo.DDD.Application\Nucleo.DDD.Application.csproj", "{C2169B3E-40AB-4C6A-8DF7-667C19316B5F}"
EndProject
Project("{9A19103F-16F7-4668-BE54-9A1E7A4F7556}") = "Nucleo.DDD.CrossCuttingConcerns", "Nucleo.DDD.CrossCuttingConcerns\Nucleo.DDD.CrossCuttingConcerns.csproj", "{F2A2E03B-60DF-4E56-92F6-00159405A6B5}"
EndProject
Project("{FAE04EC0-301F-11D3-BF4B-00C04F79EFBC}") = "Nucleo.Data", "Nucleo.Data\Nucleo.Data.csproj", "{4C48D2BD-2491-416E-AA71-5BBE8E0A2A36}"
EndProject
Project("{FAE04EC0-301F-11D3-BF4B-00C04F79EFBC}") = "Nucleo.Data.MongoDB", "Nucleo.Data.MongoDB\Nucleo.Data.MongoDB.csproj", "{7B815152-E780-416C-A979-FEB451F937F0}"
EndProject
Global
	GlobalSection(SolutionConfigurationPlatforms) = preSolution
		Debug|Any CPU = Debug|Any CPU
		Debug|x64 = Debug|x64
		Debug|x86 = Debug|x86
		Release|Any CPU = Release|Any CPU
		Release|x64 = Release|x64
		Release|x86 = Release|x86
	EndGlobalSection
	GlobalSection(ProjectConfigurationPlatforms) = postSolution
		{CC4D4537-E13E-44B4-9642-9A811D122EA6}.Debug|Any CPU.ActiveCfg = Debug|Any CPU
		{CC4D4537-E13E-44B4-9642-9A811D122EA6}.Debug|Any CPU.Build.0 = Debug|Any CPU
		{CC4D4537-E13E-44B4-9642-9A811D122EA6}.Debug|x64.ActiveCfg = Debug|Any CPU
		{CC4D4537-E13E-44B4-9642-9A811D122EA6}.Debug|x64.Build.0 = Debug|Any CPU
		{CC4D4537-E13E-44B4-9642-9A811D122EA6}.Debug|x86.ActiveCfg = Debug|Any CPU
		{CC4D4537-E13E-44B4-9642-9A811D122EA6}.Debug|x86.Build.0 = Debug|Any CPU
		{CC4D4537-E13E-44B4-9642-9A811D122EA6}.Release|Any CPU.ActiveCfg = Release|Any CPU
		{CC4D4537-E13E-44B4-9642-9A811D122EA6}.Release|Any CPU.Build.0 = Release|Any CPU
		{CC4D4537-E13E-44B4-9642-9A811D122EA6}.Release|x64.ActiveCfg = Release|Any CPU
		{CC4D4537-E13E-44B4-9642-9A811D122EA6}.Release|x64.Build.0 = Release|Any CPU
		{CC4D4537-E13E-44B4-9642-9A811D122EA6}.Release|x86.ActiveCfg = Release|Any CPU
		{CC4D4537-E13E-44B4-9642-9A811D122EA6}.Release|x86.Build.0 = Release|Any CPU
		{581618E2-E6A4-469F-B1C5-62D6EFC8EEAF}.Debug|Any CPU.ActiveCfg = Debug|Any CPU
		{581618E2-E6A4-469F-B1C5-62D6EFC8EEAF}.Debug|Any CPU.Build.0 = Debug|Any CPU
		{581618E2-E6A4-469F-B1C5-62D6EFC8EEAF}.Debug|x64.ActiveCfg = Debug|Any CPU
		{581618E2-E6A4-469F-B1C5-62D6EFC8EEAF}.Debug|x64.Build.0 = Debug|Any CPU
		{581618E2-E6A4-469F-B1C5-62D6EFC8EEAF}.Debug|x86.ActiveCfg = Debug|Any CPU
		{581618E2-E6A4-469F-B1C5-62D6EFC8EEAF}.Debug|x86.Build.0 = Debug|Any CPU
		{581618E2-E6A4-469F-B1C5-62D6EFC8EEAF}.Release|Any CPU.ActiveCfg = Release|Any CPU
		{581618E2-E6A4-469F-B1C5-62D6EFC8EEAF}.Release|Any CPU.Build.0 = Release|Any CPU
		{581618E2-E6A4-469F-B1C5-62D6EFC8EEAF}.Release|x64.ActiveCfg = Release|Any CPU
		{581618E2-E6A4-469F-B1C5-62D6EFC8EEAF}.Release|x64.Build.0 = Release|Any CPU
		{581618E2-E6A4-469F-B1C5-62D6EFC8EEAF}.Release|x86.ActiveCfg = Release|Any CPU
		{581618E2-E6A4-469F-B1C5-62D6EFC8EEAF}.Release|x86.Build.0 = Release|Any CPU
		{42056B2E-E915-4838-BD55-F8F1E70231BB}.Debug|Any CPU.ActiveCfg = Debug|Any CPU
		{42056B2E-E915-4838-BD55-F8F1E70231BB}.Debug|Any CPU.Build.0 = Debug|Any CPU
		{42056B2E-E915-4838-BD55-F8F1E70231BB}.Debug|x64.ActiveCfg = Debug|Any CPU
		{42056B2E-E915-4838-BD55-F8F1E70231BB}.Debug|x64.Build.0 = Debug|Any CPU
		{42056B2E-E915-4838-BD55-F8F1E70231BB}.Debug|x86.ActiveCfg = Debug|Any CPU
		{42056B2E-E915-4838-BD55-F8F1E70231BB}.Debug|x86.Build.0 = Debug|Any CPU
		{42056B2E-E915-4838-BD55-F8F1E70231BB}.Release|Any CPU.ActiveCfg = Release|Any CPU
		{42056B2E-E915-4838-BD55-F8F1E70231BB}.Release|Any CPU.Build.0 = Release|Any CPU
		{42056B2E-E915-4838-BD55-F8F1E70231BB}.Release|x64.ActiveCfg = Release|Any CPU
		{42056B2E-E915-4838-BD55-F8F1E70231BB}.Release|x64.Build.0 = Release|Any CPU
		{42056B2E-E915-4838-BD55-F8F1E70231BB}.Release|x86.ActiveCfg = Release|Any CPU
		{42056B2E-E915-4838-BD55-F8F1E70231BB}.Release|x86.Build.0 = Release|Any CPU
		{131949D4-8E09-4A93-8D7F-B87DEE972E0B}.Debug|Any CPU.ActiveCfg = Debug|Any CPU
		{131949D4-8E09-4A93-8D7F-B87DEE972E0B}.Debug|Any CPU.Build.0 = Debug|Any CPU
		{131949D4-8E09-4A93-8D7F-B87DEE972E0B}.Debug|x64.ActiveCfg = Debug|Any CPU
		{131949D4-8E09-4A93-8D7F-B87DEE972E0B}.Debug|x64.Build.0 = Debug|Any CPU
		{131949D4-8E09-4A93-8D7F-B87DEE972E0B}.Debug|x86.ActiveCfg = Debug|Any CPU
		{131949D4-8E09-4A93-8D7F-B87DEE972E0B}.Debug|x86.Build.0 = Debug|Any CPU
		{131949D4-8E09-4A93-8D7F-B87DEE972E0B}.Release|Any CPU.ActiveCfg = Release|Any CPU
		{131949D4-8E09-4A93-8D7F-B87DEE972E0B}.Release|Any CPU.Build.0 = Release|Any CPU
		{131949D4-8E09-4A93-8D7F-B87DEE972E0B}.Release|x64.ActiveCfg = Release|Any CPU
		{131949D4-8E09-4A93-8D7F-B87DEE972E0B}.Release|x64.Build.0 = Release|Any CPU
		{131949D4-8E09-4A93-8D7F-B87DEE972E0B}.Release|x86.ActiveCfg = Release|Any CPU
		{131949D4-8E09-4A93-8D7F-B87DEE972E0B}.Release|x86.Build.0 = Release|Any CPU
		{C2169B3E-40AB-4C6A-8DF7-667C19316B5F}.Debug|Any CPU.ActiveCfg = Debug|Any CPU
		{C2169B3E-40AB-4C6A-8DF7-667C19316B5F}.Debug|Any CPU.Build.0 = Debug|Any CPU
		{C2169B3E-40AB-4C6A-8DF7-667C19316B5F}.Debug|x64.ActiveCfg = Debug|Any CPU
		{C2169B3E-40AB-4C6A-8DF7-667C19316B5F}.Debug|x64.Build.0 = Debug|Any CPU
		{C2169B3E-40AB-4C6A-8DF7-667C19316B5F}.Debug|x86.ActiveCfg = Debug|Any CPU
		{C2169B3E-40AB-4C6A-8DF7-667C19316B5F}.Debug|x86.Build.0 = Debug|Any CPU
		{C2169B3E-40AB-4C6A-8DF7-667C19316B5F}.Release|Any CPU.ActiveCfg = Release|Any CPU
		{C2169B3E-40AB-4C6A-8DF7-667C19316B5F}.Release|Any CPU.Build.0 = Release|Any CPU
		{C2169B3E-40AB-4C6A-8DF7-667C19316B5F}.Release|x64.ActiveCfg = Release|Any CPU
		{C2169B3E-40AB-4C6A-8DF7-667C19316B5F}.Release|x64.Build.0 = Release|Any CPU
		{C2169B3E-40AB-4C6A-8DF7-667C19316B5F}.Release|x86.ActiveCfg = Release|Any CPU
		{C2169B3E-40AB-4C6A-8DF7-667C19316B5F}.Release|x86.Build.0 = Release|Any CPU
		{F2A2E03B-60DF-4E56-92F6-00159405A6B5}.Debug|Any CPU.ActiveCfg = Debug|Any CPU
		{F2A2E03B-60DF-4E56-92F6-00159405A6B5}.Debug|Any CPU.Build.0 = Debug|Any CPU
		{F2A2E03B-60DF-4E56-92F6-00159405A6B5}.Debug|x64.ActiveCfg = Debug|Any CPU
		{F2A2E03B-60DF-4E56-92F6-00159405A6B5}.Debug|x64.Build.0 = Debug|Any CPU
		{F2A2E03B-60DF-4E56-92F6-00159405A6B5}.Debug|x86.ActiveCfg = Debug|Any CPU
		{F2A2E03B-60DF-4E56-92F6-00159405A6B5}.Debug|x86.Build.0 = Debug|Any CPU
		{F2A2E03B-60DF-4E56-92F6-00159405A6B5}.Release|Any CPU.ActiveCfg = Release|Any CPU
		{F2A2E03B-60DF-4E56-92F6-00159405A6B5}.Release|Any CPU.Build.0 = Release|Any CPU
		{F2A2E03B-60DF-4E56-92F6-00159405A6B5}.Release|x64.ActiveCfg = Release|Any CPU
		{F2A2E03B-60DF-4E56-92F6-00159405A6B5}.Release|x64.Build.0 = Release|Any CPU
		{F2A2E03B-60DF-4E56-92F6-00159405A6B5}.Release|x86.ActiveCfg = Release|Any CPU
		{F2A2E03B-60DF-4E56-92F6-00159405A6B5}.Release|x86.Build.0 = Release|Any CPU
		{4C48D2BD-2491-416E-AA71-5BBE8E0A2A36}.Debug|Any CPU.ActiveCfg = Debug|Any CPU
		{4C48D2BD-2491-416E-AA71-5BBE8E0A2A36}.Debug|Any CPU.Build.0 = Debug|Any CPU
		{4C48D2BD-2491-416E-AA71-5BBE8E0A2A36}.Debug|x64.ActiveCfg = Debug|Any CPU
		{4C48D2BD-2491-416E-AA71-5BBE8E0A2A36}.Debug|x64.Build.0 = Debug|Any CPU
		{4C48D2BD-2491-416E-AA71-5BBE8E0A2A36}.Debug|x86.ActiveCfg = Debug|Any CPU
		{4C48D2BD-2491-416E-AA71-5BBE8E0A2A36}.Debug|x86.Build.0 = Debug|Any CPU
		{4C48D2BD-2491-416E-AA71-5BBE8E0A2A36}.Release|Any CPU.ActiveCfg = Release|Any CPU
		{4C48D2BD-2491-416E-AA71-5BBE8E0A2A36}.Release|Any CPU.Build.0 = Release|Any CPU
		{4C48D2BD-2491-416E-AA71-5BBE8E0A2A36}.Release|x64.ActiveCfg = Release|Any CPU
		{4C48D2BD-2491-416E-AA71-5BBE8E0A2A36}.Release|x64.Build.0 = Release|Any CPU
		{4C48D2BD-2491-416E-AA71-5BBE8E0A2A36}.Release|x86.ActiveCfg = Release|Any CPU
		{4C48D2BD-2491-416E-AA71-5BBE8E0A2A36}.Release|x86.Build.0 = Release|Any CPU
		{7B815152-E780-416C-A979-FEB451F937F0}.Debug|Any CPU.ActiveCfg = Debug|Any CPU
		{7B815152-E780-416C-A979-FEB451F937F0}.Debug|Any CPU.Build.0 = Debug|Any CPU
		{7B815152-E780-416C-A979-FEB451F937F0}.Debug|x64.ActiveCfg = Debug|Any CPU
		{7B815152-E780-416C-A979-FEB451F937F0}.Debug|x64.Build.0 = Debug|Any CPU
		{7B815152-E780-416C-A979-FEB451F937F0}.Debug|x86.ActiveCfg = Debug|Any CPU
		{7B815152-E780-416C-A979-FEB451F937F0}.Debug|x86.Build.0 = Debug|Any CPU
		{7B815152-E780-416C-A979-FEB451F937F0}.Release|Any CPU.ActiveCfg = Release|Any CPU
		{7B815152-E780-416C-A979-FEB451F937F0}.Release|Any CPU.Build.0 = Release|Any CPU
		{7B815152-E780-416C-A979-FEB451F937F0}.Release|x64.ActiveCfg = Release|Any CPU
		{7B815152-E780-416C-A979-FEB451F937F0}.Release|x64.Build.0 = Release|Any CPU
		{7B815152-E780-416C-A979-FEB451F937F0}.Release|x86.ActiveCfg = Release|Any CPU
		{7B815152-E780-416C-A979-FEB451F937F0}.Release|x86.Build.0 = Release|Any CPU
	EndGlobalSection
	GlobalSection(SolutionProperties) = preSolution
		HideSolutionNode = FALSE
	EndGlobalSection
	GlobalSection(ExtensibilityGlobals) = postSolution
		SolutionGuid = {2A862F01-2440-4621-988F-27FFF3DF80ED}
	EndGlobalSection
EndGlobal
